
Microsoft Visual Studio Solution File, Format Version 12.00
# Visual Studio Version 16
VisualStudioVersion = 16.0.29709.97
MinimumVisualStudioVersion = 10.0.40219.1
Project("{FAE04EC0-301F-11D3-BF4B-00C04F79EFBC}") = "hello.webapi.wpf", "hello.webapi.wpf\hello.webapi.wpf.csproj", "{45C29D27-4CDC-4676-B3D5-D6DAE29D4746}"
EndProject
Project("{2150E333-8FDC-42A3-9474-1A3956D46DE8}") = "Solution Items", "Solution Items", "{AC8BC92F-36D0-4060-8FD1-396B617D13F5}"
	ProjectSection(SolutionItems) = preProject
		.editorconfig = .editorconfig
		.gitattributes = .gitattributes
		.gitignore = .gitignore
		global.json = global.json
		hello.webapi.wpf.png = hello.webapi.wpf.png
		hello.webapi.wpf.v3.ncrunchsolution = hello.webapi.wpf.v3.ncrunchsolution
		README.md = README.md
	EndProjectSection
EndProject
Project("{930C7802-8A8C-48F9-8165-68863BCCD9DD}") = "setup", "setup\setup.wixproj", "{EB7DEA03-5827-4845-B528-A77847345145}"
EndProject
Global
	GlobalSection(SolutionConfigurationPlatforms) = preSolution
		Debug|Any CPU = Debug|Any CPU
		Debug|x86 = Debug|x86
		Release|Any CPU = Release|Any CPU
		Release|x86 = Release|x86
	EndGlobalSection
	GlobalSection(ProjectConfigurationPlatforms) = postSolution
		{45C29D27-4CDC-4676-B3D5-D6DAE29D4746}.Debug|Any CPU.ActiveCfg = Debug|Any CPU
		{45C29D27-4CDC-4676-B3D5-D6DAE29D4746}.Debug|Any CPU.Build.0 = Debug|Any CPU
		{45C29D27-4CDC-4676-B3D5-D6DAE29D4746}.Debug|x86.ActiveCfg = Debug|Any CPU
		{45C29D27-4CDC-4676-B3D5-D6DAE29D4746}.Debug|x86.Build.0 = Debug|Any CPU
		{45C29D27-4CDC-4676-B3D5-D6DAE29D4746}.Release|Any CPU.ActiveCfg = Release|Any CPU
		{45C29D27-4CDC-4676-B3D5-D6DAE29D4746}.Release|Any CPU.Build.0 = Release|Any CPU
		{45C29D27-4CDC-4676-B3D5-D6DAE29D4746}.Release|x86.ActiveCfg = Release|Any CPU
		{45C29D27-4CDC-4676-B3D5-D6DAE29D4746}.Release|x86.Build.0 = Release|Any CPU
		{EB7DEA03-5827-4845-B528-A77847345145}.Debug|Any CPU.ActiveCfg = Debug|x86
		{EB7DEA03-5827-4845-B528-A77847345145}.Debug|x86.ActiveCfg = Debug|x86
		{EB7DEA03-5827-4845-B528-A77847345145}.Debug|x86.Build.0 = Debug|x86
		{EB7DEA03-5827-4845-B528-A77847345145}.Release|Any CPU.ActiveCfg = Release|x86
		{EB7DEA03-5827-4845-B528-A77847345145}.Release|x86.ActiveCfg = Release|x86
		{EB7DEA03-5827-4845-B528-A77847345145}.Release|x86.Build.0 = Release|x86
	EndGlobalSection
	GlobalSection(SolutionProperties) = preSolution
		HideSolutionNode = FALSE
	EndGlobalSection
	GlobalSection(ExtensibilityGlobals) = postSolution
		SolutionGuid = {05AFB2DD-AD75-4DF8-B0C7-53892A4B729C}
	EndGlobalSection
EndGlobal
